
Microsoft Visual Studio Solution File, Format Version 12.00
# Visual Studio Version 16
VisualStudioVersion = 16.0.31205.134
MinimumVisualStudioVersion = 10.0.40219.1
Project("{2150E333-8FDC-42A3-9474-1A3956D46DE8}") = "Solution Items", "Solution Items", "{B161131A-6396-4895-8721-361E5E19CE9F}"
	ProjectSection(SolutionItems) = preProject
		Agenda.md = Agenda.md
	EndProjectSection
EndProject
Project("{2150E333-8FDC-42A3-9474-1A3956D46DE8}") = "Tag1", "Tag1", "{77005F58-0EE2-4974-9B2E-60B5C781079F}"
EndProject
Project("{2150E333-8FDC-42A3-9474-1A3956D46DE8}") = "Sprachfeatures_CSharp", "Sprachfeatures_CSharp", "{5E8D3F9D-E102-4670-9190-F8DBF70A6491}"
EndProject
Project("{2150E333-8FDC-42A3-9474-1A3956D46DE8}") = "70", "70", "{8186017D-3E3D-4818-B319-F29AD0F69151}"
EndProject
Project("{FAE04EC0-301F-11D3-BF4B-00C04F79EFBC}") = "CSharp70", "CSharp70\CSharp70.csproj", "{CB32A37D-0668-4093-A0A6-974E3F749929}"
EndProject
Project("{2150E333-8FDC-42A3-9474-1A3956D46DE8}") = "71", "71", "{48B9CA69-337F-42F1-A60F-53BDD9CCDD80}"
EndProject
Project("{FAE04EC0-301F-11D3-BF4B-00C04F79EFBC}") = "CSharp71", "CSharp71\CSharp71.csproj", "{DC74A905-59AA-4A4D-B07C-83E4F3455DA3}"
EndProject
Project("{2150E333-8FDC-42A3-9474-1A3956D46DE8}") = "80", "80", "{0839F4CB-CE7B-45C9-8414-73FD0B8025F3}"
EndProject
Project("{FAE04EC0-301F-11D3-BF4B-00C04F79EFBC}") = "CSharp80", "CSharp80\CSharp80.csproj", "{35AD147B-5D8C-4600-B6E5-306B3458BE66}"
EndProject
Project("{2150E333-8FDC-42A3-9474-1A3956D46DE8}") = "90", "90", "{B964F67E-2732-4769-B4F4-0637CDF03F02}"
EndProject
Project("{FAE04EC0-301F-11D3-BF4B-00C04F79EFBC}") = "CSharp90", "CSharp90\CSharp90.csproj", "{B187F958-7687-4F6C-A88F-01592A196F77}"
EndProject
Project("{2150E333-8FDC-42A3-9474-1A3956D46DE8}") = "SOLID", "SOLID", "{A00AB568-BFAD-43DB-B05D-E779BF8B3C31}"
EndProject
Project("{FAE04EC0-301F-11D3-BF4B-00C04F79EFBC}") = "Single-Responsibility-Prinzip", "Single-Responsibility-Prinzip\Single-Responsibility-Prinzip.csproj", "{BE714765-464E-478C-A618-95D07CE4F5B3}"
EndProject
Project("{FAE04EC0-301F-11D3-BF4B-00C04F79EFBC}") = "OpenClosed_Principle_OCP", "OpenClosed_Principle_OCP\OpenClosed_Principle_OCP.csproj", "{F48064EB-467D-4CCD-BE85-9172E3384793}"
EndProject
Project("{FAE04EC0-301F-11D3-BF4B-00C04F79EFBC}") = "Liskov_substitution_principle_LSP", "Liskov_substitution_principle_LSP\Liskov_substitution_principle_LSP.csproj", "{C990DC5E-3EE9-4290-81D8-6685524E365B}"
EndProject
Project("{FAE04EC0-301F-11D3-BF4B-00C04F79EFBC}") = "Dependency_Inversion", "Dependency_Inversion\Dependency_Inversion.csproj", "{5C2C481F-6E72-4081-AB8E-F35C62503646}"
EndProject
Project("{FAE04EC0-301F-11D3-BF4B-00C04F79EFBC}") = "Interface_segregation_principle_ISP", "Interface_segregation_principle_ISP\Interface_segregation_principle_ISP.csproj", "{266F4040-F25C-4B2A-B68A-459C7AC29E40}"
EndProject
Project("{2150E333-8FDC-42A3-9474-1A3956D46DE8}") = "SOLID_LAB", "SOLID_LAB", "{A4800BA9-C9B1-48EE-8D80-933584C640AD}"
EndProject
Project("{9A19103F-16F7-4668-BE54-9A1E7A4F7556}") = "Übung_Solid1", "Übung_Solid1\Übung_Solid1.csproj", "{CD0127F7-C2C8-446A-AF68-C38FFFA5C87B}"
EndProject
Project("{9A19103F-16F7-4668-BE54-9A1E7A4F7556}") = "Übung_Solid2", "Übung_Solid2\Übung_Solid2.csproj", "{36BBADD6-1F51-44A8-BF36-311A40CDB6F3}"
EndProject
Global
	GlobalSection(SolutionConfigurationPlatforms) = preSolution
		Debug|Any CPU = Debug|Any CPU
		Release|Any CPU = Release|Any CPU
	EndGlobalSection
	GlobalSection(ProjectConfigurationPlatforms) = postSolution
		{CB32A37D-0668-4093-A0A6-974E3F749929}.Debug|Any CPU.ActiveCfg = Debug|Any CPU
		{CB32A37D-0668-4093-A0A6-974E3F749929}.Debug|Any CPU.Build.0 = Debug|Any CPU
		{CB32A37D-0668-4093-A0A6-974E3F749929}.Release|Any CPU.ActiveCfg = Release|Any CPU
		{CB32A37D-0668-4093-A0A6-974E3F749929}.Release|Any CPU.Build.0 = Release|Any CPU
		{DC74A905-59AA-4A4D-B07C-83E4F3455DA3}.Debug|Any CPU.ActiveCfg = Debug|Any CPU
		{DC74A905-59AA-4A4D-B07C-83E4F3455DA3}.Debug|Any CPU.Build.0 = Debug|Any CPU
		{DC74A905-59AA-4A4D-B07C-83E4F3455DA3}.Release|Any CPU.ActiveCfg = Release|Any CPU
		{DC74A905-59AA-4A4D-B07C-83E4F3455DA3}.Release|Any CPU.Build.0 = Release|Any CPU
		{35AD147B-5D8C-4600-B6E5-306B3458BE66}.Debug|Any CPU.ActiveCfg = Debug|Any CPU
		{35AD147B-5D8C-4600-B6E5-306B3458BE66}.Debug|Any CPU.Build.0 = Debug|Any CPU
		{35AD147B-5D8C-4600-B6E5-306B3458BE66}.Release|Any CPU.ActiveCfg = Release|Any CPU
		{35AD147B-5D8C-4600-B6E5-306B3458BE66}.Release|Any CPU.Build.0 = Release|Any CPU
		{B187F958-7687-4F6C-A88F-01592A196F77}.Debug|Any CPU.ActiveCfg = Debug|Any CPU
		{B187F958-7687-4F6C-A88F-01592A196F77}.Debug|Any CPU.Build.0 = Debug|Any CPU
		{B187F958-7687-4F6C-A88F-01592A196F77}.Release|Any CPU.ActiveCfg = Release|Any CPU
		{B187F958-7687-4F6C-A88F-01592A196F77}.Release|Any CPU.Build.0 = Release|Any CPU
		{BE714765-464E-478C-A618-95D07CE4F5B3}.Debug|Any CPU.ActiveCfg = Debug|Any CPU
		{BE714765-464E-478C-A618-95D07CE4F5B3}.Debug|Any CPU.Build.0 = Debug|Any CPU
		{BE714765-464E-478C-A618-95D07CE4F5B3}.Release|Any CPU.ActiveCfg = Release|Any CPU
		{BE714765-464E-478C-A618-95D07CE4F5B3}.Release|Any CPU.Build.0 = Release|Any CPU
		{F48064EB-467D-4CCD-BE85-9172E3384793}.Debug|Any CPU.ActiveCfg = Debug|Any CPU
		{F48064EB-467D-4CCD-BE85-9172E3384793}.Debug|Any CPU.Build.0 = Debug|Any CPU
		{F48064EB-467D-4CCD-BE85-9172E3384793}.Release|Any CPU.ActiveCfg = Release|Any CPU
		{F48064EB-467D-4CCD-BE85-9172E3384793}.Release|Any CPU.Build.0 = Release|Any CPU
		{C990DC5E-3EE9-4290-81D8-6685524E365B}.Debug|Any CPU.ActiveCfg = Debug|Any CPU
		{C990DC5E-3EE9-4290-81D8-6685524E365B}.Debug|Any CPU.Build.0 = Debug|Any CPU
		{C990DC5E-3EE9-4290-81D8-6685524E365B}.Release|Any CPU.ActiveCfg = Release|Any CPU
		{C990DC5E-3EE9-4290-81D8-6685524E365B}.Release|Any CPU.Build.0 = Release|Any CPU
		{5C2C481F-6E72-4081-AB8E-F35C62503646}.Debug|Any CPU.ActiveCfg = Debug|Any CPU
		{5C2C481F-6E72-4081-AB8E-F35C62503646}.Debug|Any CPU.Build.0 = Debug|Any CPU
		{5C2C481F-6E72-4081-AB8E-F35C62503646}.Release|Any CPU.ActiveCfg = Release|Any CPU
		{5C2C481F-6E72-4081-AB8E-F35C62503646}.Release|Any CPU.Build.0 = Release|Any CPU
		{266F4040-F25C-4B2A-B68A-459C7AC29E40}.Debug|Any CPU.ActiveCfg = Debug|Any CPU
		{266F4040-F25C-4B2A-B68A-459C7AC29E40}.Debug|Any CPU.Build.0 = Debug|Any CPU
		{266F4040-F25C-4B2A-B68A-459C7AC29E40}.Release|Any CPU.ActiveCfg = Release|Any CPU
		{266F4040-F25C-4B2A-B68A-459C7AC29E40}.Release|Any CPU.Build.0 = Release|Any CPU
		{CD0127F7-C2C8-446A-AF68-C38FFFA5C87B}.Debug|Any CPU.ActiveCfg = Debug|Any CPU
		{CD0127F7-C2C8-446A-AF68-C38FFFA5C87B}.Debug|Any CPU.Build.0 = Debug|Any CPU
		{CD0127F7-C2C8-446A-AF68-C38FFFA5C87B}.Release|Any CPU.ActiveCfg = Release|Any CPU
		{CD0127F7-C2C8-446A-AF68-C38FFFA5C87B}.Release|Any CPU.Build.0 = Release|Any CPU
		{36BBADD6-1F51-44A8-BF36-311A40CDB6F3}.Debug|Any CPU.ActiveCfg = Debug|Any CPU
		{36BBADD6-1F51-44A8-BF36-311A40CDB6F3}.Debug|Any CPU.Build.0 = Debug|Any CPU
		{36BBADD6-1F51-44A8-BF36-311A40CDB6F3}.Release|Any CPU.ActiveCfg = Release|Any CPU
		{36BBADD6-1F51-44A8-BF36-311A40CDB6F3}.Release|Any CPU.Build.0 = Release|Any CPU
	EndGlobalSection
	GlobalSection(SolutionProperties) = preSolution
		HideSolutionNode = FALSE
	EndGlobalSection
	GlobalSection(NestedProjects) = preSolution
		{5E8D3F9D-E102-4670-9190-F8DBF70A6491} = {77005F58-0EE2-4974-9B2E-60B5C781079F}
		{8186017D-3E3D-4818-B319-F29AD0F69151} = {5E8D3F9D-E102-4670-9190-F8DBF70A6491}
		{CB32A37D-0668-4093-A0A6-974E3F749929} = {8186017D-3E3D-4818-B319-F29AD0F69151}
		{48B9CA69-337F-42F1-A60F-53BDD9CCDD80} = {5E8D3F9D-E102-4670-9190-F8DBF70A6491}
		{DC74A905-59AA-4A4D-B07C-83E4F3455DA3} = {48B9CA69-337F-42F1-A60F-53BDD9CCDD80}
		{0839F4CB-CE7B-45C9-8414-73FD0B8025F3} = {5E8D3F9D-E102-4670-9190-F8DBF70A6491}
		{35AD147B-5D8C-4600-B6E5-306B3458BE66} = {0839F4CB-CE7B-45C9-8414-73FD0B8025F3}
		{B964F67E-2732-4769-B4F4-0637CDF03F02} = {5E8D3F9D-E102-4670-9190-F8DBF70A6491}
		{B187F958-7687-4F6C-A88F-01592A196F77} = {B964F67E-2732-4769-B4F4-0637CDF03F02}
		{A00AB568-BFAD-43DB-B05D-E779BF8B3C31} = {77005F58-0EE2-4974-9B2E-60B5C781079F}
		{BE714765-464E-478C-A618-95D07CE4F5B3} = {A00AB568-BFAD-43DB-B05D-E779BF8B3C31}
		{F48064EB-467D-4CCD-BE85-9172E3384793} = {A00AB568-BFAD-43DB-B05D-E779BF8B3C31}
		{C990DC5E-3EE9-4290-81D8-6685524E365B} = {A00AB568-BFAD-43DB-B05D-E779BF8B3C31}
		{5C2C481F-6E72-4081-AB8E-F35C62503646} = {A00AB568-BFAD-43DB-B05D-E779BF8B3C31}
		{266F4040-F25C-4B2A-B68A-459C7AC29E40} = {A00AB568-BFAD-43DB-B05D-E779BF8B3C31}
		{A4800BA9-C9B1-48EE-8D80-933584C640AD} = {77005F58-0EE2-4974-9B2E-60B5C781079F}
		{CD0127F7-C2C8-446A-AF68-C38FFFA5C87B} = {A4800BA9-C9B1-48EE-8D80-933584C640AD}
		{36BBADD6-1F51-44A8-BF36-311A40CDB6F3} = {A4800BA9-C9B1-48EE-8D80-933584C640AD}
	EndGlobalSection
	GlobalSection(ExtensibilityGlobals) = postSolution
		SolutionGuid = {31D99EA8-349D-4FF2-B7E7-86FD606DC663}
	EndGlobalSection
EndGlobal
