
Microsoft Visual Studio Solution File, Format Version 12.00
# Visual Studio Version 16
VisualStudioVersion = 16.0.31205.134
MinimumVisualStudioVersion = 10.0.40219.1
Project("{2150E333-8FDC-42A3-9474-1A3956D46DE8}") = "Solution Items", "Solution Items", "{B161131A-6396-4895-8721-361E5E19CE9F}"
	ProjectSection(SolutionItems) = preProject
		Agenda.md = Agenda.md
	EndProjectSection
EndProject
Project("{2150E333-8FDC-42A3-9474-1A3956D46DE8}") = "Tag1", "Tag1", "{77005F58-0EE2-4974-9B2E-60B5C781079F}"
EndProject
Project("{2150E333-8FDC-42A3-9474-1A3956D46DE8}") = "Sprachfeatures_CSharp", "Sprachfeatures_CSharp", "{5E8D3F9D-E102-4670-9190-F8DBF70A6491}"
EndProject
Project("{2150E333-8FDC-42A3-9474-1A3956D46DE8}") = "70", "70", "{8186017D-3E3D-4818-B319-F29AD0F69151}"
EndProject
Project("{9A19103F-16F7-4668-BE54-9A1E7A4F7556}") = "CSharp70", "CSharp70\CSharp70.csproj", "{CB32A37D-0668-4093-A0A6-974E3F749929}"
EndProject
Project("{2150E333-8FDC-42A3-9474-1A3956D46DE8}") = "71", "71", "{48B9CA69-337F-42F1-A60F-53BDD9CCDD80}"
EndProject
Project("{9A19103F-16F7-4668-BE54-9A1E7A4F7556}") = "CSharp71", "CSharp71\CSharp71.csproj", "{DC74A905-59AA-4A4D-B07C-83E4F3455DA3}"
EndProject
Project("{2150E333-8FDC-42A3-9474-1A3956D46DE8}") = "80", "80", "{0839F4CB-CE7B-45C9-8414-73FD0B8025F3}"
EndProject
Project("{9A19103F-16F7-4668-BE54-9A1E7A4F7556}") = "CSharp80", "CSharp80\CSharp80.csproj", "{35AD147B-5D8C-4600-B6E5-306B3458BE66}"
EndProject
Project("{2150E333-8FDC-42A3-9474-1A3956D46DE8}") = "90", "90", "{B964F67E-2732-4769-B4F4-0637CDF03F02}"
EndProject
Project("{9A19103F-16F7-4668-BE54-9A1E7A4F7556}") = "CSharp90", "CSharp90\CSharp90.csproj", "{B187F958-7687-4F6C-A88F-01592A196F77}"
EndProject
Project("{2150E333-8FDC-42A3-9474-1A3956D46DE8}") = "SOLID", "SOLID", "{A00AB568-BFAD-43DB-B05D-E779BF8B3C31}"
EndProject
Project("{9A19103F-16F7-4668-BE54-9A1E7A4F7556}") = "Single-Responsibility-Prinzip", "Single-Responsibility-Prinzip\Single-Responsibility-Prinzip.csproj", "{BE714765-464E-478C-A618-95D07CE4F5B3}"
EndProject
Project("{9A19103F-16F7-4668-BE54-9A1E7A4F7556}") = "OpenClosed_Principle_OCP", "OpenClosed_Principle_OCP\OpenClosed_Principle_OCP.csproj", "{F48064EB-467D-4CCD-BE85-9172E3384793}"
EndProject
Project("{9A19103F-16F7-4668-BE54-9A1E7A4F7556}") = "Liskov_substitution_principle_LSP", "Liskov_substitution_principle_LSP\Liskov_substitution_principle_LSP.csproj", "{C990DC5E-3EE9-4290-81D8-6685524E365B}"
EndProject
Project("{9A19103F-16F7-4668-BE54-9A1E7A4F7556}") = "Dependency_Inversion", "Dependency_Inversion\Dependency_Inversion.csproj", "{5C2C481F-6E72-4081-AB8E-F35C62503646}"
EndProject
Project("{9A19103F-16F7-4668-BE54-9A1E7A4F7556}") = "Interface_segregation_principle_ISP", "Interface_segregation_principle_ISP\Interface_segregation_principle_ISP.csproj", "{266F4040-F25C-4B2A-B68A-459C7AC29E40}"
EndProject
Project("{2150E333-8FDC-42A3-9474-1A3956D46DE8}") = "SOLID_LAB", "SOLID_LAB", "{A4800BA9-C9B1-48EE-8D80-933584C640AD}"
EndProject
Project("{9A19103F-16F7-4668-BE54-9A1E7A4F7556}") = "Übung_Solid1", "Übung_Solid1\Übung_Solid1.csproj", "{CD0127F7-C2C8-446A-AF68-C38FFFA5C87B}"
EndProject
Project("{9A19103F-16F7-4668-BE54-9A1E7A4F7556}") = "Übung_Solid2", "Übung_Solid2\Übung_Solid2.csproj", "{36BBADD6-1F51-44A8-BF36-311A40CDB6F3}"
EndProject
Project("{9A19103F-16F7-4668-BE54-9A1E7A4F7556}") = "StringBenachmarkTest", "StringBenachmarkTest\StringBenachmarkTest.csproj", "{B621F856-EC2C-42E4-9F19-32864A5E4D83}"
EndProject
Project("{9A19103F-16F7-4668-BE54-9A1E7A4F7556}") = "Serialisierung", "Serialisierung\Serialisierung.csproj", "{48672D10-336E-4189-81AD-08710DEEBB02}"
EndProject
Project("{2150E333-8FDC-42A3-9474-1A3956D46DE8}") = "Tag2", "Tag2", "{4A44EF32-4629-4D68-84C9-76981CF0C914}"
EndProject
Project("{2150E333-8FDC-42A3-9474-1A3956D46DE8}") = "Threading", "Threading", "{0C5630D3-D8F0-4FB2-9ED9-AB50E85CC8E0}"
EndProject
Project("{9A19103F-16F7-4668-BE54-9A1E7A4F7556}") = "001_ThreadStarten", "001_ThreadStarten\001_ThreadStarten.csproj", "{6004EC18-E495-4AA9-B8E4-824EFAC49E21}"
EndProject
Project("{9A19103F-16F7-4668-BE54-9A1E7A4F7556}") = "002_ThreadStartenMitParameter", "002_ThreadStartenMitParameter\002_ThreadStartenMitParameter.csproj", "{852D0A74-F2CD-4362-B510-80BAF6659D68}"
EndProject
Project("{9A19103F-16F7-4668-BE54-9A1E7A4F7556}") = "003_ThreadBeenden", "003_ThreadsBeenden\003_ThreadBeenden.csproj", "{F9A9D76E-F12F-4F15-B192-DFC8455CC73B}"
EndProject
Project("{9A19103F-16F7-4668-BE54-9A1E7A4F7556}") = "004_ThreadPoolSample", "ThreadPoolSample\004_ThreadPoolSample.csproj", "{7E06E051-7740-46AF-8E9F-A6C31779540C}"
EndProject
Project("{9A19103F-16F7-4668-BE54-9A1E7A4F7556}") = "005_LockSample", "005_LockSample\005_LockSample.csproj", "{3009D204-1E82-4C48-8708-4095E12331FF}"
EndProject
Project("{9A19103F-16F7-4668-BE54-9A1E7A4F7556}") = "MonitorSample", "MonitorSample\MonitorSample.csproj", "{3070DD56-DA48-4465-BD83-299BC7EDEE6E}"
EndProject
Project("{9A19103F-16F7-4668-BE54-9A1E7A4F7556}") = "MutexSample", "MutexSample\MutexSample.csproj", "{94D5B122-1141-46C1-AF6E-DE75410D5B8A}"
EndProject
Project("{9A19103F-16F7-4668-BE54-9A1E7A4F7556}") = "MutexSample_ProgramInstance", "MutexSample_ProgramInstance\MutexSample_ProgramInstance.csproj", "{0A60C5D2-B415-470A-A964-E505FA58D48E}"
EndProject
Project("{2150E333-8FDC-42A3-9474-1A3956D46DE8}") = "TPL", "TPL", "{825B58A2-E42E-49EC-AA0E-B10CD32636ED}"
EndProject
Project("{9A19103F-16F7-4668-BE54-9A1E7A4F7556}") = "001_EasyTask", "001_EasyTask\001_EasyTask.csproj", "{85B785C8-B532-49C2-97B8-B4E7F9EEFB7A}"
EndProject
Project("{9A19103F-16F7-4668-BE54-9A1E7A4F7556}") = "002_TaskFactorySample", "002_TaskFactorySample\002_TaskFactorySample.csproj", "{B6974622-7B85-4B8D-B469-1A59CBD228C8}"
EndProject
Project("{9A19103F-16F7-4668-BE54-9A1E7A4F7556}") = "003_TaskWithParameter", "003_TaskWithParameter\003_TaskWithParameter.csproj", "{C784EE11-C0DC-412E-A90F-EE351479A683}"
EndProject
Project("{9A19103F-16F7-4668-BE54-9A1E7A4F7556}") = "004_EinfacherTaskBeenden", "004_EinfacherTaskBeenden\004_EinfacherTaskBeenden.csproj", "{A72C1E03-09B2-4C13-A848-CDE0DC3CD37B}"
EndProject
Project("{9A19103F-16F7-4668-BE54-9A1E7A4F7556}") = "TaskMitException", "TaskMitException\TaskMitException.csproj", "{FEF94786-0CE4-4E55-9CA3-0106691DF7C5}"
EndProject
Project("{9A19103F-16F7-4668-BE54-9A1E7A4F7556}") = "ContinueWithSample", "ContinueWithSample\ContinueWithSample.csproj", "{6A740F86-9687-48C8-830E-3B0C4253E916}"
EndProject
Project("{9A19103F-16F7-4668-BE54-9A1E7A4F7556}") = "TaskErgebnisAnContinueTaskÜbergeben", "TaskErgebnisAnContinueTaskÜbergeben\TaskErgebnisAnContinueTaskÜbergeben.csproj", "{FFB04B3E-1F1D-4A65-A1B5-BF820E767D43}"
EndProject
Project("{9A19103F-16F7-4668-BE54-9A1E7A4F7556}") = "Erstellen_einer_Fortsetzung_für_mehrere_Task", "Erstellen_einer_Fortsetzung_für_mehrere_Task\Erstellen_einer_Fortsetzung_für_mehrere_Task.csproj", "{A852F0D0-E60E-4549-A56B-B7EBAADE20D0}"
EndProject
Project("{9A19103F-16F7-4668-BE54-9A1E7A4F7556}") = "009_Abbrechen_einer_Fortsetzung", "009_Abbrechen_einer_Fortsetzung\009_Abbrechen_einer_Fortsetzung.csproj", "{186963B3-2FC8-4439-9688-7C10441A7196}"
EndProject
Project("{9A19103F-16F7-4668-BE54-9A1E7A4F7556}") = "009_Abbrechen_einer_FortsetzungB", "009_Abbrechen_einer_FortsetzungB\009_Abbrechen_einer_FortsetzungB.csproj", "{6ADD96D4-FBCA-4A7B-9FBA-162B9AF19E4D}"
EndProject
Project("{9A19103F-16F7-4668-BE54-9A1E7A4F7556}") = "010_Fortsetzungen_und_untergeordnete_Tasks", "010_Fortsetzungen_und_untergeordnete_Tasks\010_Fortsetzungen_und_untergeordnete_Tasks.csproj", "{385D5205-11E7-4D0B-B882-3D37087B4F32}"
EndProject
Project("{9A19103F-16F7-4668-BE54-9A1E7A4F7556}") = "010_Fortsetzungen_und_untergeordnete_Tasks_B", "010_Fortsetzungen_und_untergeordnete_Tasks_B\010_Fortsetzungen_und_untergeordnete_Tasks_B.csproj", "{80D263A7-AADD-48CD-8C4D-1319829982B1}"
EndProject
Project("{9A19103F-16F7-4668-BE54-9A1E7A4F7556}") = "011_Zuordnen_eines_Zustands_zu_Fortsetzungen", "011_Zuordnen_eines_Zustands_zu_Fortsetzungen\011_Zuordnen_eines_Zustands_zu_Fortsetzungen.csproj", "{375A7311-B236-4BC3-BE1A-7030FA7666C1}"
EndProject
Project("{9A19103F-16F7-4668-BE54-9A1E7A4F7556}") = "013_Behandeln_von_durch_Fortsetzungen_ausgelösten_Ausnahmen", "013_Behandeln_von_durch_Fortsetzungen_ausgelösten_Ausnahmen\013_Behandeln_von_durch_Fortsetzungen_ausgelösten_Ausnahmen.csproj", "{BF9F1CE8-D766-41C3-BB94-CEB745DF337E}"
EndProject
Project("{9A19103F-16F7-4668-BE54-9A1E7A4F7556}") = "013_Behandeln_von_durch_Fortsetzungen_ausgelösten_AusnahmenB", "013_Behandeln_von_durch_Fortsetzungen_ausgelösten_AusnahmenB\013_Behandeln_von_durch_Fortsetzungen_ausgelösten_AusnahmenB.csproj", "{FB72B2D0-719F-4918-A62A-EB19E9CD5FE5}"
EndProject
Project("{9A19103F-16F7-4668-BE54-9A1E7A4F7556}") = "BenchmarkTestParallelForVsFor", "BenchmarkTestParallelForVsFor\BenchmarkTestParallelForVsFor.csproj", "{0775F2BA-0A59-4705-82C0-C3DA67F5BFC9}"
EndProject
Project("{2150E333-8FDC-42A3-9474-1A3956D46DE8}") = "AsyncAwait", "AsyncAwait", "{A2D63562-EC18-4B30-A9F2-E1094F06F39F}"
EndProject
Project("{9A19103F-16F7-4668-BE54-9A1E7A4F7556}") = "AsyncAwaitSample", "AsyncAwaitSample\AsyncAwaitSample.csproj", "{602F5444-2C26-4D5E-88BA-FE269F8E8F1B}"
EndProject
Project("{2150E333-8FDC-42A3-9474-1A3956D46DE8}") = "Generics", "Generics", "{390647BC-18C2-45B2-8663-5A9E77DB6AE0}"
EndProject
Project("{FAE04EC0-301F-11D3-BF4B-00C04F79EFBC}") = "GenericSamples", "GenericSamples\GenericSamples.csproj", "{4043B008-B360-438F-8FEF-FB92EE1C56C4}"
EndProject
Global
	GlobalSection(SolutionConfigurationPlatforms) = preSolution
		Debug|Any CPU = Debug|Any CPU
		Release|Any CPU = Release|Any CPU
	EndGlobalSection
	GlobalSection(ProjectConfigurationPlatforms) = postSolution
		{CB32A37D-0668-4093-A0A6-974E3F749929}.Debug|Any CPU.ActiveCfg = Debug|Any CPU
		{CB32A37D-0668-4093-A0A6-974E3F749929}.Debug|Any CPU.Build.0 = Debug|Any CPU
		{CB32A37D-0668-4093-A0A6-974E3F749929}.Release|Any CPU.ActiveCfg = Release|Any CPU
		{CB32A37D-0668-4093-A0A6-974E3F749929}.Release|Any CPU.Build.0 = Release|Any CPU
		{DC74A905-59AA-4A4D-B07C-83E4F3455DA3}.Debug|Any CPU.ActiveCfg = Debug|Any CPU
		{DC74A905-59AA-4A4D-B07C-83E4F3455DA3}.Debug|Any CPU.Build.0 = Debug|Any CPU
		{DC74A905-59AA-4A4D-B07C-83E4F3455DA3}.Release|Any CPU.ActiveCfg = Release|Any CPU
		{DC74A905-59AA-4A4D-B07C-83E4F3455DA3}.Release|Any CPU.Build.0 = Release|Any CPU
		{35AD147B-5D8C-4600-B6E5-306B3458BE66}.Debug|Any CPU.ActiveCfg = Debug|Any CPU
		{35AD147B-5D8C-4600-B6E5-306B3458BE66}.Debug|Any CPU.Build.0 = Debug|Any CPU
		{35AD147B-5D8C-4600-B6E5-306B3458BE66}.Release|Any CPU.ActiveCfg = Release|Any CPU
		{35AD147B-5D8C-4600-B6E5-306B3458BE66}.Release|Any CPU.Build.0 = Release|Any CPU
		{B187F958-7687-4F6C-A88F-01592A196F77}.Debug|Any CPU.ActiveCfg = Debug|Any CPU
		{B187F958-7687-4F6C-A88F-01592A196F77}.Debug|Any CPU.Build.0 = Debug|Any CPU
		{B187F958-7687-4F6C-A88F-01592A196F77}.Release|Any CPU.ActiveCfg = Release|Any CPU
		{B187F958-7687-4F6C-A88F-01592A196F77}.Release|Any CPU.Build.0 = Release|Any CPU
		{BE714765-464E-478C-A618-95D07CE4F5B3}.Debug|Any CPU.ActiveCfg = Debug|Any CPU
		{BE714765-464E-478C-A618-95D07CE4F5B3}.Debug|Any CPU.Build.0 = Debug|Any CPU
		{BE714765-464E-478C-A618-95D07CE4F5B3}.Release|Any CPU.ActiveCfg = Release|Any CPU
		{BE714765-464E-478C-A618-95D07CE4F5B3}.Release|Any CPU.Build.0 = Release|Any CPU
		{F48064EB-467D-4CCD-BE85-9172E3384793}.Debug|Any CPU.ActiveCfg = Debug|Any CPU
		{F48064EB-467D-4CCD-BE85-9172E3384793}.Debug|Any CPU.Build.0 = Debug|Any CPU
		{F48064EB-467D-4CCD-BE85-9172E3384793}.Release|Any CPU.ActiveCfg = Release|Any CPU
		{F48064EB-467D-4CCD-BE85-9172E3384793}.Release|Any CPU.Build.0 = Release|Any CPU
		{C990DC5E-3EE9-4290-81D8-6685524E365B}.Debug|Any CPU.ActiveCfg = Debug|Any CPU
		{C990DC5E-3EE9-4290-81D8-6685524E365B}.Debug|Any CPU.Build.0 = Debug|Any CPU
		{C990DC5E-3EE9-4290-81D8-6685524E365B}.Release|Any CPU.ActiveCfg = Release|Any CPU
		{C990DC5E-3EE9-4290-81D8-6685524E365B}.Release|Any CPU.Build.0 = Release|Any CPU
		{5C2C481F-6E72-4081-AB8E-F35C62503646}.Debug|Any CPU.ActiveCfg = Debug|Any CPU
		{5C2C481F-6E72-4081-AB8E-F35C62503646}.Debug|Any CPU.Build.0 = Debug|Any CPU
		{5C2C481F-6E72-4081-AB8E-F35C62503646}.Release|Any CPU.ActiveCfg = Release|Any CPU
		{5C2C481F-6E72-4081-AB8E-F35C62503646}.Release|Any CPU.Build.0 = Release|Any CPU
		{266F4040-F25C-4B2A-B68A-459C7AC29E40}.Debug|Any CPU.ActiveCfg = Debug|Any CPU
		{266F4040-F25C-4B2A-B68A-459C7AC29E40}.Debug|Any CPU.Build.0 = Debug|Any CPU
		{266F4040-F25C-4B2A-B68A-459C7AC29E40}.Release|Any CPU.ActiveCfg = Release|Any CPU
		{266F4040-F25C-4B2A-B68A-459C7AC29E40}.Release|Any CPU.Build.0 = Release|Any CPU
		{CD0127F7-C2C8-446A-AF68-C38FFFA5C87B}.Debug|Any CPU.ActiveCfg = Debug|Any CPU
		{CD0127F7-C2C8-446A-AF68-C38FFFA5C87B}.Debug|Any CPU.Build.0 = Debug|Any CPU
		{CD0127F7-C2C8-446A-AF68-C38FFFA5C87B}.Release|Any CPU.ActiveCfg = Release|Any CPU
		{CD0127F7-C2C8-446A-AF68-C38FFFA5C87B}.Release|Any CPU.Build.0 = Release|Any CPU
		{36BBADD6-1F51-44A8-BF36-311A40CDB6F3}.Debug|Any CPU.ActiveCfg = Debug|Any CPU
		{36BBADD6-1F51-44A8-BF36-311A40CDB6F3}.Debug|Any CPU.Build.0 = Debug|Any CPU
		{36BBADD6-1F51-44A8-BF36-311A40CDB6F3}.Release|Any CPU.ActiveCfg = Release|Any CPU
		{36BBADD6-1F51-44A8-BF36-311A40CDB6F3}.Release|Any CPU.Build.0 = Release|Any CPU
		{B621F856-EC2C-42E4-9F19-32864A5E4D83}.Debug|Any CPU.ActiveCfg = Debug|Any CPU
		{B621F856-EC2C-42E4-9F19-32864A5E4D83}.Debug|Any CPU.Build.0 = Debug|Any CPU
		{B621F856-EC2C-42E4-9F19-32864A5E4D83}.Release|Any CPU.ActiveCfg = Release|Any CPU
		{B621F856-EC2C-42E4-9F19-32864A5E4D83}.Release|Any CPU.Build.0 = Release|Any CPU
		{48672D10-336E-4189-81AD-08710DEEBB02}.Debug|Any CPU.ActiveCfg = Debug|Any CPU
		{48672D10-336E-4189-81AD-08710DEEBB02}.Debug|Any CPU.Build.0 = Debug|Any CPU
		{48672D10-336E-4189-81AD-08710DEEBB02}.Release|Any CPU.ActiveCfg = Release|Any CPU
		{48672D10-336E-4189-81AD-08710DEEBB02}.Release|Any CPU.Build.0 = Release|Any CPU
		{6004EC18-E495-4AA9-B8E4-824EFAC49E21}.Debug|Any CPU.ActiveCfg = Debug|Any CPU
		{6004EC18-E495-4AA9-B8E4-824EFAC49E21}.Debug|Any CPU.Build.0 = Debug|Any CPU
		{6004EC18-E495-4AA9-B8E4-824EFAC49E21}.Release|Any CPU.ActiveCfg = Release|Any CPU
		{6004EC18-E495-4AA9-B8E4-824EFAC49E21}.Release|Any CPU.Build.0 = Release|Any CPU
		{852D0A74-F2CD-4362-B510-80BAF6659D68}.Debug|Any CPU.ActiveCfg = Debug|Any CPU
		{852D0A74-F2CD-4362-B510-80BAF6659D68}.Debug|Any CPU.Build.0 = Debug|Any CPU
		{852D0A74-F2CD-4362-B510-80BAF6659D68}.Release|Any CPU.ActiveCfg = Release|Any CPU
		{852D0A74-F2CD-4362-B510-80BAF6659D68}.Release|Any CPU.Build.0 = Release|Any CPU
		{F9A9D76E-F12F-4F15-B192-DFC8455CC73B}.Debug|Any CPU.ActiveCfg = Debug|Any CPU
		{F9A9D76E-F12F-4F15-B192-DFC8455CC73B}.Debug|Any CPU.Build.0 = Debug|Any CPU
		{F9A9D76E-F12F-4F15-B192-DFC8455CC73B}.Release|Any CPU.ActiveCfg = Release|Any CPU
		{F9A9D76E-F12F-4F15-B192-DFC8455CC73B}.Release|Any CPU.Build.0 = Release|Any CPU
		{7E06E051-7740-46AF-8E9F-A6C31779540C}.Debug|Any CPU.ActiveCfg = Debug|Any CPU
		{7E06E051-7740-46AF-8E9F-A6C31779540C}.Debug|Any CPU.Build.0 = Debug|Any CPU
		{7E06E051-7740-46AF-8E9F-A6C31779540C}.Release|Any CPU.ActiveCfg = Release|Any CPU
		{7E06E051-7740-46AF-8E9F-A6C31779540C}.Release|Any CPU.Build.0 = Release|Any CPU
		{3009D204-1E82-4C48-8708-4095E12331FF}.Debug|Any CPU.ActiveCfg = Debug|Any CPU
		{3009D204-1E82-4C48-8708-4095E12331FF}.Debug|Any CPU.Build.0 = Debug|Any CPU
		{3009D204-1E82-4C48-8708-4095E12331FF}.Release|Any CPU.ActiveCfg = Release|Any CPU
		{3009D204-1E82-4C48-8708-4095E12331FF}.Release|Any CPU.Build.0 = Release|Any CPU
		{3070DD56-DA48-4465-BD83-299BC7EDEE6E}.Debug|Any CPU.ActiveCfg = Debug|Any CPU
		{3070DD56-DA48-4465-BD83-299BC7EDEE6E}.Debug|Any CPU.Build.0 = Debug|Any CPU
		{3070DD56-DA48-4465-BD83-299BC7EDEE6E}.Release|Any CPU.ActiveCfg = Release|Any CPU
		{3070DD56-DA48-4465-BD83-299BC7EDEE6E}.Release|Any CPU.Build.0 = Release|Any CPU
		{94D5B122-1141-46C1-AF6E-DE75410D5B8A}.Debug|Any CPU.ActiveCfg = Debug|Any CPU
		{94D5B122-1141-46C1-AF6E-DE75410D5B8A}.Debug|Any CPU.Build.0 = Debug|Any CPU
		{94D5B122-1141-46C1-AF6E-DE75410D5B8A}.Release|Any CPU.ActiveCfg = Release|Any CPU
		{94D5B122-1141-46C1-AF6E-DE75410D5B8A}.Release|Any CPU.Build.0 = Release|Any CPU
		{0A60C5D2-B415-470A-A964-E505FA58D48E}.Debug|Any CPU.ActiveCfg = Debug|Any CPU
		{0A60C5D2-B415-470A-A964-E505FA58D48E}.Debug|Any CPU.Build.0 = Debug|Any CPU
		{0A60C5D2-B415-470A-A964-E505FA58D48E}.Release|Any CPU.ActiveCfg = Release|Any CPU
		{0A60C5D2-B415-470A-A964-E505FA58D48E}.Release|Any CPU.Build.0 = Release|Any CPU
		{85B785C8-B532-49C2-97B8-B4E7F9EEFB7A}.Debug|Any CPU.ActiveCfg = Debug|Any CPU
		{85B785C8-B532-49C2-97B8-B4E7F9EEFB7A}.Debug|Any CPU.Build.0 = Debug|Any CPU
		{85B785C8-B532-49C2-97B8-B4E7F9EEFB7A}.Release|Any CPU.ActiveCfg = Release|Any CPU
		{85B785C8-B532-49C2-97B8-B4E7F9EEFB7A}.Release|Any CPU.Build.0 = Release|Any CPU
		{B6974622-7B85-4B8D-B469-1A59CBD228C8}.Debug|Any CPU.ActiveCfg = Debug|Any CPU
		{B6974622-7B85-4B8D-B469-1A59CBD228C8}.Debug|Any CPU.Build.0 = Debug|Any CPU
		{B6974622-7B85-4B8D-B469-1A59CBD228C8}.Release|Any CPU.ActiveCfg = Release|Any CPU
		{B6974622-7B85-4B8D-B469-1A59CBD228C8}.Release|Any CPU.Build.0 = Release|Any CPU
		{C784EE11-C0DC-412E-A90F-EE351479A683}.Debug|Any CPU.ActiveCfg = Debug|Any CPU
		{C784EE11-C0DC-412E-A90F-EE351479A683}.Debug|Any CPU.Build.0 = Debug|Any CPU
		{C784EE11-C0DC-412E-A90F-EE351479A683}.Release|Any CPU.ActiveCfg = Release|Any CPU
		{C784EE11-C0DC-412E-A90F-EE351479A683}.Release|Any CPU.Build.0 = Release|Any CPU
		{A72C1E03-09B2-4C13-A848-CDE0DC3CD37B}.Debug|Any CPU.ActiveCfg = Debug|Any CPU
		{A72C1E03-09B2-4C13-A848-CDE0DC3CD37B}.Debug|Any CPU.Build.0 = Debug|Any CPU
		{A72C1E03-09B2-4C13-A848-CDE0DC3CD37B}.Release|Any CPU.ActiveCfg = Release|Any CPU
		{A72C1E03-09B2-4C13-A848-CDE0DC3CD37B}.Release|Any CPU.Build.0 = Release|Any CPU
		{FEF94786-0CE4-4E55-9CA3-0106691DF7C5}.Debug|Any CPU.ActiveCfg = Debug|Any CPU
		{FEF94786-0CE4-4E55-9CA3-0106691DF7C5}.Debug|Any CPU.Build.0 = Debug|Any CPU
		{FEF94786-0CE4-4E55-9CA3-0106691DF7C5}.Release|Any CPU.ActiveCfg = Release|Any CPU
		{FEF94786-0CE4-4E55-9CA3-0106691DF7C5}.Release|Any CPU.Build.0 = Release|Any CPU
		{6A740F86-9687-48C8-830E-3B0C4253E916}.Debug|Any CPU.ActiveCfg = Debug|Any CPU
		{6A740F86-9687-48C8-830E-3B0C4253E916}.Debug|Any CPU.Build.0 = Debug|Any CPU
		{6A740F86-9687-48C8-830E-3B0C4253E916}.Release|Any CPU.ActiveCfg = Release|Any CPU
		{6A740F86-9687-48C8-830E-3B0C4253E916}.Release|Any CPU.Build.0 = Release|Any CPU
		{FFB04B3E-1F1D-4A65-A1B5-BF820E767D43}.Debug|Any CPU.ActiveCfg = Debug|Any CPU
		{FFB04B3E-1F1D-4A65-A1B5-BF820E767D43}.Debug|Any CPU.Build.0 = Debug|Any CPU
		{FFB04B3E-1F1D-4A65-A1B5-BF820E767D43}.Release|Any CPU.ActiveCfg = Release|Any CPU
		{FFB04B3E-1F1D-4A65-A1B5-BF820E767D43}.Release|Any CPU.Build.0 = Release|Any CPU
		{A852F0D0-E60E-4549-A56B-B7EBAADE20D0}.Debug|Any CPU.ActiveCfg = Debug|Any CPU
		{A852F0D0-E60E-4549-A56B-B7EBAADE20D0}.Debug|Any CPU.Build.0 = Debug|Any CPU
		{A852F0D0-E60E-4549-A56B-B7EBAADE20D0}.Release|Any CPU.ActiveCfg = Release|Any CPU
		{A852F0D0-E60E-4549-A56B-B7EBAADE20D0}.Release|Any CPU.Build.0 = Release|Any CPU
		{186963B3-2FC8-4439-9688-7C10441A7196}.Debug|Any CPU.ActiveCfg = Debug|Any CPU
		{186963B3-2FC8-4439-9688-7C10441A7196}.Debug|Any CPU.Build.0 = Debug|Any CPU
		{186963B3-2FC8-4439-9688-7C10441A7196}.Release|Any CPU.ActiveCfg = Release|Any CPU
		{186963B3-2FC8-4439-9688-7C10441A7196}.Release|Any CPU.Build.0 = Release|Any CPU
		{6ADD96D4-FBCA-4A7B-9FBA-162B9AF19E4D}.Debug|Any CPU.ActiveCfg = Debug|Any CPU
		{6ADD96D4-FBCA-4A7B-9FBA-162B9AF19E4D}.Debug|Any CPU.Build.0 = Debug|Any CPU
		{6ADD96D4-FBCA-4A7B-9FBA-162B9AF19E4D}.Release|Any CPU.ActiveCfg = Release|Any CPU
		{6ADD96D4-FBCA-4A7B-9FBA-162B9AF19E4D}.Release|Any CPU.Build.0 = Release|Any CPU
		{385D5205-11E7-4D0B-B882-3D37087B4F32}.Debug|Any CPU.ActiveCfg = Debug|Any CPU
		{385D5205-11E7-4D0B-B882-3D37087B4F32}.Debug|Any CPU.Build.0 = Debug|Any CPU
		{385D5205-11E7-4D0B-B882-3D37087B4F32}.Release|Any CPU.ActiveCfg = Release|Any CPU
		{385D5205-11E7-4D0B-B882-3D37087B4F32}.Release|Any CPU.Build.0 = Release|Any CPU
		{80D263A7-AADD-48CD-8C4D-1319829982B1}.Debug|Any CPU.ActiveCfg = Debug|Any CPU
		{80D263A7-AADD-48CD-8C4D-1319829982B1}.Debug|Any CPU.Build.0 = Debug|Any CPU
		{80D263A7-AADD-48CD-8C4D-1319829982B1}.Release|Any CPU.ActiveCfg = Release|Any CPU
		{80D263A7-AADD-48CD-8C4D-1319829982B1}.Release|Any CPU.Build.0 = Release|Any CPU
		{375A7311-B236-4BC3-BE1A-7030FA7666C1}.Debug|Any CPU.ActiveCfg = Debug|Any CPU
		{375A7311-B236-4BC3-BE1A-7030FA7666C1}.Debug|Any CPU.Build.0 = Debug|Any CPU
		{375A7311-B236-4BC3-BE1A-7030FA7666C1}.Release|Any CPU.ActiveCfg = Release|Any CPU
		{375A7311-B236-4BC3-BE1A-7030FA7666C1}.Release|Any CPU.Build.0 = Release|Any CPU
		{BF9F1CE8-D766-41C3-BB94-CEB745DF337E}.Debug|Any CPU.ActiveCfg = Debug|Any CPU
		{BF9F1CE8-D766-41C3-BB94-CEB745DF337E}.Debug|Any CPU.Build.0 = Debug|Any CPU
		{BF9F1CE8-D766-41C3-BB94-CEB745DF337E}.Release|Any CPU.ActiveCfg = Release|Any CPU
		{BF9F1CE8-D766-41C3-BB94-CEB745DF337E}.Release|Any CPU.Build.0 = Release|Any CPU
		{FB72B2D0-719F-4918-A62A-EB19E9CD5FE5}.Debug|Any CPU.ActiveCfg = Debug|Any CPU
		{FB72B2D0-719F-4918-A62A-EB19E9CD5FE5}.Debug|Any CPU.Build.0 = Debug|Any CPU
		{FB72B2D0-719F-4918-A62A-EB19E9CD5FE5}.Release|Any CPU.ActiveCfg = Release|Any CPU
		{FB72B2D0-719F-4918-A62A-EB19E9CD5FE5}.Release|Any CPU.Build.0 = Release|Any CPU
		{0775F2BA-0A59-4705-82C0-C3DA67F5BFC9}.Debug|Any CPU.ActiveCfg = Debug|Any CPU
		{0775F2BA-0A59-4705-82C0-C3DA67F5BFC9}.Debug|Any CPU.Build.0 = Debug|Any CPU
		{0775F2BA-0A59-4705-82C0-C3DA67F5BFC9}.Release|Any CPU.ActiveCfg = Release|Any CPU
		{0775F2BA-0A59-4705-82C0-C3DA67F5BFC9}.Release|Any CPU.Build.0 = Release|Any CPU
		{602F5444-2C26-4D5E-88BA-FE269F8E8F1B}.Debug|Any CPU.ActiveCfg = Debug|Any CPU
		{602F5444-2C26-4D5E-88BA-FE269F8E8F1B}.Debug|Any CPU.Build.0 = Debug|Any CPU
		{602F5444-2C26-4D5E-88BA-FE269F8E8F1B}.Release|Any CPU.ActiveCfg = Release|Any CPU
		{602F5444-2C26-4D5E-88BA-FE269F8E8F1B}.Release|Any CPU.Build.0 = Release|Any CPU
		{B720D84B-037D-478A-B765-E412000132D0}.Debug|Any CPU.ActiveCfg = Debug|Any CPU
		{B720D84B-037D-478A-B765-E412000132D0}.Debug|Any CPU.Build.0 = Debug|Any CPU
		{B720D84B-037D-478A-B765-E412000132D0}.Release|Any CPU.ActiveCfg = Release|Any CPU
		{B720D84B-037D-478A-B765-E412000132D0}.Release|Any CPU.Build.0 = Release|Any CPU
		{4043B008-B360-438F-8FEF-FB92EE1C56C4}.Debug|Any CPU.ActiveCfg = Debug|Any CPU
		{4043B008-B360-438F-8FEF-FB92EE1C56C4}.Debug|Any CPU.Build.0 = Debug|Any CPU
		{4043B008-B360-438F-8FEF-FB92EE1C56C4}.Release|Any CPU.ActiveCfg = Release|Any CPU
		{4043B008-B360-438F-8FEF-FB92EE1C56C4}.Release|Any CPU.Build.0 = Release|Any CPU
	EndGlobalSection
	GlobalSection(SolutionProperties) = preSolution
		HideSolutionNode = FALSE
	EndGlobalSection
	GlobalSection(NestedProjects) = preSolution
		{5E8D3F9D-E102-4670-9190-F8DBF70A6491} = {77005F58-0EE2-4974-9B2E-60B5C781079F}
		{8186017D-3E3D-4818-B319-F29AD0F69151} = {5E8D3F9D-E102-4670-9190-F8DBF70A6491}
		{CB32A37D-0668-4093-A0A6-974E3F749929} = {8186017D-3E3D-4818-B319-F29AD0F69151}
		{48B9CA69-337F-42F1-A60F-53BDD9CCDD80} = {5E8D3F9D-E102-4670-9190-F8DBF70A6491}
		{DC74A905-59AA-4A4D-B07C-83E4F3455DA3} = {48B9CA69-337F-42F1-A60F-53BDD9CCDD80}
		{0839F4CB-CE7B-45C9-8414-73FD0B8025F3} = {5E8D3F9D-E102-4670-9190-F8DBF70A6491}
		{35AD147B-5D8C-4600-B6E5-306B3458BE66} = {0839F4CB-CE7B-45C9-8414-73FD0B8025F3}
		{B964F67E-2732-4769-B4F4-0637CDF03F02} = {5E8D3F9D-E102-4670-9190-F8DBF70A6491}
		{B187F958-7687-4F6C-A88F-01592A196F77} = {B964F67E-2732-4769-B4F4-0637CDF03F02}
		{A00AB568-BFAD-43DB-B05D-E779BF8B3C31} = {77005F58-0EE2-4974-9B2E-60B5C781079F}
		{BE714765-464E-478C-A618-95D07CE4F5B3} = {A00AB568-BFAD-43DB-B05D-E779BF8B3C31}
		{F48064EB-467D-4CCD-BE85-9172E3384793} = {A00AB568-BFAD-43DB-B05D-E779BF8B3C31}
		{C990DC5E-3EE9-4290-81D8-6685524E365B} = {A00AB568-BFAD-43DB-B05D-E779BF8B3C31}
		{5C2C481F-6E72-4081-AB8E-F35C62503646} = {A00AB568-BFAD-43DB-B05D-E779BF8B3C31}
		{266F4040-F25C-4B2A-B68A-459C7AC29E40} = {A00AB568-BFAD-43DB-B05D-E779BF8B3C31}
		{A4800BA9-C9B1-48EE-8D80-933584C640AD} = {77005F58-0EE2-4974-9B2E-60B5C781079F}
		{CD0127F7-C2C8-446A-AF68-C38FFFA5C87B} = {A4800BA9-C9B1-48EE-8D80-933584C640AD}
		{36BBADD6-1F51-44A8-BF36-311A40CDB6F3} = {A4800BA9-C9B1-48EE-8D80-933584C640AD}
		{B621F856-EC2C-42E4-9F19-32864A5E4D83} = {77005F58-0EE2-4974-9B2E-60B5C781079F}
		{48672D10-336E-4189-81AD-08710DEEBB02} = {77005F58-0EE2-4974-9B2E-60B5C781079F}
		{0C5630D3-D8F0-4FB2-9ED9-AB50E85CC8E0} = {4A44EF32-4629-4D68-84C9-76981CF0C914}
		{6004EC18-E495-4AA9-B8E4-824EFAC49E21} = {0C5630D3-D8F0-4FB2-9ED9-AB50E85CC8E0}
		{852D0A74-F2CD-4362-B510-80BAF6659D68} = {0C5630D3-D8F0-4FB2-9ED9-AB50E85CC8E0}
		{F9A9D76E-F12F-4F15-B192-DFC8455CC73B} = {0C5630D3-D8F0-4FB2-9ED9-AB50E85CC8E0}
		{7E06E051-7740-46AF-8E9F-A6C31779540C} = {0C5630D3-D8F0-4FB2-9ED9-AB50E85CC8E0}
		{3009D204-1E82-4C48-8708-4095E12331FF} = {0C5630D3-D8F0-4FB2-9ED9-AB50E85CC8E0}
		{3070DD56-DA48-4465-BD83-299BC7EDEE6E} = {0C5630D3-D8F0-4FB2-9ED9-AB50E85CC8E0}
		{94D5B122-1141-46C1-AF6E-DE75410D5B8A} = {0C5630D3-D8F0-4FB2-9ED9-AB50E85CC8E0}
		{0A60C5D2-B415-470A-A964-E505FA58D48E} = {0C5630D3-D8F0-4FB2-9ED9-AB50E85CC8E0}
		{825B58A2-E42E-49EC-AA0E-B10CD32636ED} = {4A44EF32-4629-4D68-84C9-76981CF0C914}
		{85B785C8-B532-49C2-97B8-B4E7F9EEFB7A} = {825B58A2-E42E-49EC-AA0E-B10CD32636ED}
		{B6974622-7B85-4B8D-B469-1A59CBD228C8} = {825B58A2-E42E-49EC-AA0E-B10CD32636ED}
		{C784EE11-C0DC-412E-A90F-EE351479A683} = {825B58A2-E42E-49EC-AA0E-B10CD32636ED}
		{A72C1E03-09B2-4C13-A848-CDE0DC3CD37B} = {825B58A2-E42E-49EC-AA0E-B10CD32636ED}
		{FEF94786-0CE4-4E55-9CA3-0106691DF7C5} = {825B58A2-E42E-49EC-AA0E-B10CD32636ED}
		{6A740F86-9687-48C8-830E-3B0C4253E916} = {825B58A2-E42E-49EC-AA0E-B10CD32636ED}
		{FFB04B3E-1F1D-4A65-A1B5-BF820E767D43} = {825B58A2-E42E-49EC-AA0E-B10CD32636ED}
		{A852F0D0-E60E-4549-A56B-B7EBAADE20D0} = {825B58A2-E42E-49EC-AA0E-B10CD32636ED}
		{186963B3-2FC8-4439-9688-7C10441A7196} = {825B58A2-E42E-49EC-AA0E-B10CD32636ED}
		{6ADD96D4-FBCA-4A7B-9FBA-162B9AF19E4D} = {825B58A2-E42E-49EC-AA0E-B10CD32636ED}
		{385D5205-11E7-4D0B-B882-3D37087B4F32} = {825B58A2-E42E-49EC-AA0E-B10CD32636ED}
		{80D263A7-AADD-48CD-8C4D-1319829982B1} = {825B58A2-E42E-49EC-AA0E-B10CD32636ED}
		{375A7311-B236-4BC3-BE1A-7030FA7666C1} = {825B58A2-E42E-49EC-AA0E-B10CD32636ED}
		{BF9F1CE8-D766-41C3-BB94-CEB745DF337E} = {825B58A2-E42E-49EC-AA0E-B10CD32636ED}
		{FB72B2D0-719F-4918-A62A-EB19E9CD5FE5} = {825B58A2-E42E-49EC-AA0E-B10CD32636ED}
		{0775F2BA-0A59-4705-82C0-C3DA67F5BFC9} = {825B58A2-E42E-49EC-AA0E-B10CD32636ED}
		{A2D63562-EC18-4B30-A9F2-E1094F06F39F} = {4A44EF32-4629-4D68-84C9-76981CF0C914}
		{602F5444-2C26-4D5E-88BA-FE269F8E8F1B} = {A2D63562-EC18-4B30-A9F2-E1094F06F39F}
		{390647BC-18C2-45B2-8663-5A9E77DB6AE0} = {4A44EF32-4629-4D68-84C9-76981CF0C914}
		{4043B008-B360-438F-8FEF-FB92EE1C56C4} = {390647BC-18C2-45B2-8663-5A9E77DB6AE0}
	EndGlobalSection
	GlobalSection(ExtensibilityGlobals) = postSolution
		SolutionGuid = {31D99EA8-349D-4FF2-B7E7-86FD606DC663}
	EndGlobalSection
EndGlobal
